
Microsoft Visual Studio Solution File, Format Version 12.00
# Visual Studio Version 17
VisualStudioVersion = 17.0.31903.59
MinimumVisualStudioVersion = 10.0.40219.1
Project("{FAE04EC0-301F-11D3-BF4B-00C04F79EFBC}") = "OssTemplate", "src\OssTemplate.csproj", "{0270EFA7-6897-4F17-B738-7D398F4CBA90}"
EndProject
Project("{FAE04EC0-301F-11D3-BF4B-00C04F79EFBC}") = "OssTemplateTests", "tests\OssTemplateTests.csproj", "{FF5DED9E-763D-49B5-827C-FDA8EBA086D6}"
EndProject
Project("{2150E333-8FDC-42A3-9474-1A3956D46DE8}") = "src", "src", "{E8D8D861-9569-446C-9CCE-7822C23F1158}"
EndProject
Project("{2150E333-8FDC-42A3-9474-1A3956D46DE8}") = "tests", "tests", "{DAB7B470-31F1-406E-A684-F853C29B1514}"
EndProject
Project("{2150E333-8FDC-42A3-9474-1A3956D46DE8}") = "Solution Items", "Solution Items", "{1FAF53CC-0935-44B4-97BA-3F617A5FB4D3}"
	ProjectSection(SolutionItems) = preProject
		.editorconfig = .editorconfig
	EndProjectSection
EndProject
Project("{2150E333-8FDC-42A3-9474-1A3956D46DE8}") = ".github", ".github", "{CA412747-27A2-4E6D-96CD-CBE6B055199C}"
	ProjectSection(SolutionItems) = preProject
		.github\workflows\dotnet-library-build.yml = .github\workflows\dotnet-library-build.yml
	EndProjectSection
EndProject
Global
	GlobalSection(SolutionConfigurationPlatforms) = preSolution
		Debug|Any CPU = Debug|Any CPU
		Release|Any CPU = Release|Any CPU
	EndGlobalSection
	GlobalSection(ProjectConfigurationPlatforms) = postSolution
		{0270EFA7-6897-4F17-B738-7D398F4CBA90}.Debug|Any CPU.ActiveCfg = Debug|Any CPU
		{0270EFA7-6897-4F17-B738-7D398F4CBA90}.Debug|Any CPU.Build.0 = Debug|Any CPU
		{0270EFA7-6897-4F17-B738-7D398F4CBA90}.Release|Any CPU.ActiveCfg = Release|Any CPU
		{0270EFA7-6897-4F17-B738-7D398F4CBA90}.Release|Any CPU.Build.0 = Release|Any CPU
		{FF5DED9E-763D-49B5-827C-FDA8EBA086D6}.Debug|Any CPU.ActiveCfg = Debug|Any CPU
		{FF5DED9E-763D-49B5-827C-FDA8EBA086D6}.Debug|Any CPU.Build.0 = Debug|Any CPU
		{FF5DED9E-763D-49B5-827C-FDA8EBA086D6}.Release|Any CPU.ActiveCfg = Release|Any CPU
		{FF5DED9E-763D-49B5-827C-FDA8EBA086D6}.Release|Any CPU.Build.0 = Release|Any CPU
	EndGlobalSection
	GlobalSection(SolutionProperties) = preSolution
		HideSolutionNode = FALSE
	EndGlobalSection
	GlobalSection(NestedProjects) = preSolution
		{0270EFA7-6897-4F17-B738-7D398F4CBA90} = {E8D8D861-9569-446C-9CCE-7822C23F1158}
		{FF5DED9E-763D-49B5-827C-FDA8EBA086D6} = {DAB7B470-31F1-406E-A684-F853C29B1514}
	EndGlobalSection
EndGlobal
